
Microsoft Visual Studio Solution File, Format Version 12.00
# Visual Studio 15
VisualStudioVersion = 15.0.28307.572
MinimumVisualStudioVersion = 10.0.40219.1
Project("{FAE04EC0-301F-11D3-BF4B-00C04F79EFBC}") = "Generic Classes", "Generic Classes\Generic Classes.csproj", "{C6B5781A-1D18-445D-BA25-04AD6D4DD6D4}"
EndProject
Project("{FAE04EC0-301F-11D3-BF4B-00C04F79EFBC}") = "GenericMetotlar", "GenericMetotlar\GenericMetotlar.csproj", "{F9198916-8F53-4D42-B9BF-ECFFF75A846C}"
EndProject
Global
	GlobalSection(SolutionConfigurationPlatforms) = preSolution
		Debug|Any CPU = Debug|Any CPU
		Release|Any CPU = Release|Any CPU
	EndGlobalSection
	GlobalSection(ProjectConfigurationPlatforms) = postSolution
		{C6B5781A-1D18-445D-BA25-04AD6D4DD6D4}.Debug|Any CPU.ActiveCfg = Debug|Any CPU
		{C6B5781A-1D18-445D-BA25-04AD6D4DD6D4}.Debug|Any CPU.Build.0 = Debug|Any CPU
		{C6B5781A-1D18-445D-BA25-04AD6D4DD6D4}.Release|Any CPU.ActiveCfg = Release|Any CPU
		{C6B5781A-1D18-445D-BA25-04AD6D4DD6D4}.Release|Any CPU.Build.0 = Release|Any CPU
		{F9198916-8F53-4D42-B9BF-ECFFF75A846C}.Debug|Any CPU.ActiveCfg = Debug|Any CPU
		{F9198916-8F53-4D42-B9BF-ECFFF75A846C}.Debug|Any CPU.Build.0 = Debug|Any CPU
		{F9198916-8F53-4D42-B9BF-ECFFF75A846C}.Release|Any CPU.ActiveCfg = Release|Any CPU
		{F9198916-8F53-4D42-B9BF-ECFFF75A846C}.Release|Any CPU.Build.0 = Release|Any CPU
	EndGlobalSection
	GlobalSection(SolutionProperties) = preSolution
		HideSolutionNode = FALSE
	EndGlobalSection
	GlobalSection(ExtensibilityGlobals) = postSolution
		SolutionGuid = {66CEDCD5-224E-4959-BB3A-271AD441B9F7}
	EndGlobalSection
EndGlobal
